
Microsoft Visual Studio Solution File, Format Version 12.00
# Visual Studio Version 17
VisualStudioVersion = 17.9.34607.119
MinimumVisualStudioVersion = 10.0.40219.1
Project("{FAE04EC0-301F-11D3-BF4B-00C04F79EFBC}") = "StudentProfileWebApp", "StudentProfileWebApp.csproj", "{771AF5B2-E3B5-45F5-B5A0-1D62F1D88A02}"
EndProject
Global
	GlobalSection(SolutionConfigurationPlatforms) = preSolution
		Debug|Any CPU = Debug|Any CPU
		Release|Any CPU = Release|Any CPU
	EndGlobalSection
	GlobalSection(ProjectConfigurationPlatforms) = postSolution
		{771AF5B2-E3B5-45F5-B5A0-1D62F1D88A02}.Debug|Any CPU.ActiveCfg = Debug|Any CPU
		{771AF5B2-E3B5-45F5-B5A0-1D62F1D88A02}.Debug|Any CPU.Build.0 = Debug|Any CPU
		{771AF5B2-E3B5-45F5-B5A0-1D62F1D88A02}.Release|Any CPU.ActiveCfg = Release|Any CPU
		{771AF5B2-E3B5-45F5-B5A0-1D62F1D88A02}.Release|Any CPU.Build.0 = Release|Any CPU
	EndGlobalSection
	GlobalSection(SolutionProperties) = preSolution
		HideSolutionNode = FALSE
	EndGlobalSection
	GlobalSection(ExtensibilityGlobals) = postSolution
		SolutionGuid = {15EE35A9-3A8F-43A3-8560-59D5A39450DD}
	EndGlobalSection
EndGlobal
